
Microsoft Visual Studio Solution File, Format Version 12.00
# Visual Studio Version 17
VisualStudioVersion = 17.1.32210.238
MinimumVisualStudioVersion = 10.0.40219.1
Project("{FAE04EC0-301F-11D3-BF4B-00C04F79EFBC}") = "Hospital", "Hospital\Hospital.csproj", "{4FC95237-0851-46C4-A5F8-91B55BA291FC}"
EndProject
Project("{FAE04EC0-301F-11D3-BF4B-00C04F79EFBC}") = "CapaEntidad", "CapaEntidad\CapaEntidad.csproj", "{7338D548-1AC8-4C61-B9E0-7FDEF4CEB67B}"
EndProject
Project("{FAE04EC0-301F-11D3-BF4B-00C04F79EFBC}") = "CapaDatos", "CapaDatos\CapaDatos.csproj", "{A36D8E3C-7766-49B2-8678-D795D9000F11}"
EndProject
Project("{FAE04EC0-301F-11D3-BF4B-00C04F79EFBC}") = "CapaReglasNegocio", "CapaReglasNegocio\CapaReglasNegocio.csproj", "{9CE5DEA9-105E-420F-9D5D-131379AC3EBE}"
EndProject
Global
	GlobalSection(SolutionConfigurationPlatforms) = preSolution
		Debug|Any CPU = Debug|Any CPU
		Release|Any CPU = Release|Any CPU
	EndGlobalSection
	GlobalSection(ProjectConfigurationPlatforms) = postSolution
		{4FC95237-0851-46C4-A5F8-91B55BA291FC}.Debug|Any CPU.ActiveCfg = Debug|Any CPU
		{4FC95237-0851-46C4-A5F8-91B55BA291FC}.Debug|Any CPU.Build.0 = Debug|Any CPU
		{4FC95237-0851-46C4-A5F8-91B55BA291FC}.Release|Any CPU.ActiveCfg = Release|Any CPU
		{4FC95237-0851-46C4-A5F8-91B55BA291FC}.Release|Any CPU.Build.0 = Release|Any CPU
		{7338D548-1AC8-4C61-B9E0-7FDEF4CEB67B}.Debug|Any CPU.ActiveCfg = Debug|Any CPU
		{7338D548-1AC8-4C61-B9E0-7FDEF4CEB67B}.Debug|Any CPU.Build.0 = Debug|Any CPU
		{7338D548-1AC8-4C61-B9E0-7FDEF4CEB67B}.Release|Any CPU.ActiveCfg = Release|Any CPU
		{7338D548-1AC8-4C61-B9E0-7FDEF4CEB67B}.Release|Any CPU.Build.0 = Release|Any CPU
		{A36D8E3C-7766-49B2-8678-D795D9000F11}.Debug|Any CPU.ActiveCfg = Debug|Any CPU
		{A36D8E3C-7766-49B2-8678-D795D9000F11}.Debug|Any CPU.Build.0 = Debug|Any CPU
		{A36D8E3C-7766-49B2-8678-D795D9000F11}.Release|Any CPU.ActiveCfg = Release|Any CPU
		{A36D8E3C-7766-49B2-8678-D795D9000F11}.Release|Any CPU.Build.0 = Release|Any CPU
		{9CE5DEA9-105E-420F-9D5D-131379AC3EBE}.Debug|Any CPU.ActiveCfg = Debug|Any CPU
		{9CE5DEA9-105E-420F-9D5D-131379AC3EBE}.Debug|Any CPU.Build.0 = Debug|Any CPU
		{9CE5DEA9-105E-420F-9D5D-131379AC3EBE}.Release|Any CPU.ActiveCfg = Release|Any CPU
		{9CE5DEA9-105E-420F-9D5D-131379AC3EBE}.Release|Any CPU.Build.0 = Release|Any CPU
	EndGlobalSection
	GlobalSection(SolutionProperties) = preSolution
		HideSolutionNode = FALSE
	EndGlobalSection
	GlobalSection(ExtensibilityGlobals) = postSolution
		SolutionGuid = {90492BEE-AC99-48D8-B51A-879DF1D0E4FE}
	EndGlobalSection
EndGlobal
